
Microsoft Visual Studio Solution File, Format Version 12.00
# Visual Studio 15
VisualStudioVersion = 15.0.28307.489
MinimumVisualStudioVersion = 10.0.40219.1
Project("{9A19103F-16F7-4668-BE54-9A1E7A4F7556}") = "Manipulating-Arrays", "Manipulating-Arrays.csproj", "{67F77FAC-78AD-42BE-B5F9-D35E782604D2}"
EndProject
Global
	GlobalSection(SolutionConfigurationPlatforms) = preSolution
		Debug|Any CPU = Debug|Any CPU
		Release|Any CPU = Release|Any CPU
	EndGlobalSection
	GlobalSection(ProjectConfigurationPlatforms) = postSolution
		{67F77FAC-78AD-42BE-B5F9-D35E782604D2}.Debug|Any CPU.ActiveCfg = Debug|Any CPU
		{67F77FAC-78AD-42BE-B5F9-D35E782604D2}.Debug|Any CPU.Build.0 = Debug|Any CPU
		{67F77FAC-78AD-42BE-B5F9-D35E782604D2}.Release|Any CPU.ActiveCfg = Release|Any CPU
		{67F77FAC-78AD-42BE-B5F9-D35E782604D2}.Release|Any CPU.Build.0 = Release|Any CPU
	EndGlobalSection
	GlobalSection(SolutionProperties) = preSolution
		HideSolutionNode = FALSE
	EndGlobalSection
	GlobalSection(ExtensibilityGlobals) = postSolution
		SolutionGuid = {7759F65F-A8EB-4BC3-AF95-39A43C09E1C1}
	EndGlobalSection
EndGlobal
